{
  "name": "tgrok-cli",
  "version": "1.0.0",
  "lockfileVersion": 1,
  "requires": true,
  "dependencies": {
    "@types/color-name": {
      "version": "1.1.1",
      "resolved": "https://registry.npm.taobao.org/@types/color-name/download/@types/color-name-1.1.1.tgz?cache=0&sync_timestamp=1596837707987&other_urls=https%3A%2F%2Fregistry.npm.taobao.org%2F%40types%2Fcolor-name%2Fdownload%2F%40types%2Fcolor-name-1.1.1.tgz",
      "integrity": "sha1-HBJhu+qhCoBVu8XYq4S3sq/IRqA="
    },
    "ansi-styles": {
      "version": "4.2.1",
      "resolved": "https://registry.npm.taobao.org/ansi-styles/download/ansi-styles-4.2.1.tgz",
      "integrity": "sha1-kK51xCTQCNJiTFvynq0xd+v881k=",
      "requires": {
        "@types/color-name": "^1.1.1",
        "color-convert": "^2.0.1"
      }
    },
    "arg": {
      "version": "4.1.3",
      "resolved": "https://registry.npm.taobao.org/arg/download/arg-4.1.3.tgz",
      "integrity": "sha1-Jp/HrVuOQstjyJbVZmAXJhwUQIk="
    },
    "chalk": {
      "version": "4.1.0",
      "resolved": "https://registry.npm.taobao.org/chalk/download/chalk-4.1.0.tgz?cache=0&sync_timestamp=1591687028262&other_urls=https%3A%2F%2Fregistry.npm.taobao.org%2Fchalk%2Fdownload%2Fchalk-4.1.0.tgz",
      "integrity": "sha1-ThSHCmGNni7dl92DRf2dncMVZGo=",
      "requires": {
        "ansi-styles": "^4.1.0",
        "supports-color": "^7.1.0"
      }
    },
    "color-convert": {
      "version": "2.0.1",
      "resolved": "https://registry.npm.taobao.org/color-convert/download/color-convert-2.0.1.tgz",
      "integrity": "sha1-ctOmjVmMm9s68q0ehPIdiWq9TeM=",
      "requires": {
        "color-name": "~1.1.4"
      }
    },
    "color-name": {
      "version": "1.1.4",
      "resolved": "https://registry.npm.taobao.org/color-name/download/color-name-1.1.4.tgz",
      "integrity": "sha1-wqCah6y95pVD3m9j+jmVyCbFNqI="
    },
    "dayjs": {
      "version": "1.8.35",
      "resolved": "https://registry.npm.taobao.org/dayjs/download/dayjs-1.8.35.tgz?cache=0&sync_timestamp=1599050511263&other_urls=https%3A%2F%2Fregistry.npm.taobao.org%2Fdayjs%2Fdownload%2Fdayjs-1.8.35.tgz",
      "integrity": "sha1-ZxGDePFdMWI/PuKZL1JEuIdgaIg="
    },
    "has-flag": {
      "version": "4.0.0",
      "resolved": "https://registry.npm.taobao.org/has-flag/download/has-flag-4.0.0.tgz",
      "integrity": "sha1-lEdx/ZyByBJlxNaUGGDaBrtZR5s="
    },
    "is-number": {
      "version": "4.0.0",
      "resolved": "https://registry.npm.taobao.org/is-number/download/is-number-4.0.0.tgz",
      "integrity": "sha1-ACbjf1RU1z41bf5lZGmYZ8an8P8="
    },
    "kind-of": {
      "version": "6.0.3",
      "resolved": "https://registry.npm.taobao.org/kind-of/download/kind-of-6.0.3.tgz",
      "integrity": "sha1-B8BQNKbDSfoG4k+jWqdttFgM5N0="
    },
    "lodash": {
      "version": "4.17.20",
      "resolved": "https://registry.npm.taobao.org/lodash/download/lodash-4.17.20.tgz?cache=0&sync_timestamp=1597336097104&other_urls=https%3A%2F%2Fregistry.npm.taobao.org%2Flodash%2Fdownload%2Flodash-4.17.20.tgz",
      "integrity": "sha1-tEqbYpe8tpjxxRo1RaKzs2jVnFI="
    },
    "math-random": {
      "version": "1.0.4",
      "resolved": "https://registry.npm.taobao.org/math-random/download/math-random-1.0.4.tgz?cache=0&sync_timestamp=1596773197508&other_urls=https%3A%2F%2Fregistry.npm.taobao.org%2Fmath-random%2Fdownload%2Fmath-random-1.0.4.tgz",
      "integrity": "sha1-XdaUPJOFSCZwFtTjTwV1gwgMUUw="
    },
    "randomatic": {
      "version": "3.1.1",
      "resolved": "https://registry.npm.taobao.org/randomatic/download/randomatic-3.1.1.tgz",
      "integrity": "sha1-t3bvxZN1mE42xTey9RofCv8Noe0=",
      "requires": {
        "is-number": "^4.0.0",
        "kind-of": "^6.0.0",
        "math-random": "^1.0.1"
      }
    },
    "supports-color": {
      "version": "7.2.0",
      "resolved": "https://registry.npm.taobao.org/supports-color/download/supports-color-7.2.0.tgz?cache=0&sync_timestamp=1598611878833&other_urls=https%3A%2F%2Fregistry.npm.taobao.org%2Fsupports-color%2Fdownload%2Fsupports-color-7.2.0.tgz",
      "integrity": "sha1-G33NyzK4E4gBs+R4umpRyqiWSNo=",
      "requires": {
        "has-flag": "^4.0.0"
      }
    },
    "tgrok": {
      "version": "git+https://github.com/tgrok/tgrok.git#60ad2c2521b2849bfd09d668400dd133d862450f",
      "from": "git+https://github.com/tgrok/tgrok.git",
      "requires": {
        "dayjs": "^1.8.35",
        "lodash": "^4.17.20",
        "randomatic": "^3.1.1"
      }
    }
  }
}
